{
    "_readme": [
        "This file locks the dependencies of your project to a known state",
        "Read more about it at https://getcomposer.org/doc/01-basic-usage.md#composer-lock-the-lock-file",
        "This file is @generated automatically"
    ],
    "content-hash": "0dc1e496494c2e358bec32eea2dbedfc",
    "packages": [
        {
            "name": "corneltek/getoptionkit",
            "version": "2.6.0",
            "source": {
                "type": "git",
                "url": "https://github.com/c9s/GetOptionKit.git",
                "reference": "995607ddf4fc90ebdb4a7d58fe972d581ad8495f"
            },
            "dist": {
                "type": "zip",
                "url": "https://api.github.com/repos/c9s/GetOptionKit/zipball/995607ddf4fc90ebdb4a7d58fe972d581ad8495f",
                "reference": "995607ddf4fc90ebdb4a7d58fe972d581ad8495f",
                "shasum": ""
            },
            "require": {
                "php": ">=5.3.0"
            },
            "type": "library",
            "extra": {
                "branch-alias": {
                    "dev-master": "2.6.x-dev"
                }
            },
            "autoload": {
                "psr-4": {
                    "GetOptionKit\\": "src/"
                }
            },
            "notification-url": "https://packagist.org/downloads/",
            "license": [
                "MIT"
            ],
            "authors": [
                {
                    "name": "Yo-An Lin",
                    "email": "yoanlin93@gmail.com"
                }
            ],
            "description": "Powerful command-line option toolkit",
            "homepage": "http://github.com/c9s/GetOptionKit",
            "time": "2017-06-30T14:54:48+00:00"
        },
        {
            "name": "lazyjsonmapper/lazyjsonmapper",
            "version": "v1.6.1",
            "source": {
                "type": "git",
                "url": "https://github.com/SteveJobzniak/LazyJsonMapper.git",
                "reference": "f30b4d0b3f416631e3411d66962a55f586d04809"
            },
            "dist": {
                "type": "zip",
                "url": "https://api.github.com/repos/SteveJobzniak/LazyJsonMapper/zipball/f30b4d0b3f416631e3411d66962a55f586d04809",
                "reference": "f30b4d0b3f416631e3411d66962a55f586d04809",
                "shasum": ""
            },
            "require": {
                "corneltek/getoptionkit": "2.*",
                "php": ">=5.6"
            },
            "require-dev": {
                "friendsofphp/php-cs-fixer": "^2.7.1",
                "phpunit/phpunit": "6.*"
            },
            "bin": [
                "bin/lazydoctor"
            ],
            "type": "library",
            "autoload": {
                "psr-4": {
                    "LazyJsonMapper\\": "src/"
                }
            },
            "notification-url": "https://packagist.org/downloads/",
            "license": [
                "Apache-2.0"
            ],
            "authors": [
                {
                    "name": "SteveJobzniak",
                    "homepage": "https://github.com/SteveJobzniak",
                    "role": "Developer"
                }
            ],
            "description": "Advanced, intelligent & automatic object-oriented JSON containers for PHP.",
            "homepage": "https://github.com/SteveJobzniak/LazyJsonMapper",
            "keywords": [
                "development",
                "json"
            ],
            "time": "2017-12-02T03:56:54+00:00"
        }
    ],
    "packages-dev": [],
    "aliases": [],
    "minimum-stability": "stable",
    "stability-flags": [],
    "prefer-stable": false,
    "prefer-lowest": false,
    "platform": [],
    "platform-dev": []
}
